
Microsoft Visual Studio Solution File, Format Version 12.00
Project("{FAE04EC0-301F-11D3-BF4B-00C04F79EFBC}") = "GDViews.VirtualGridView", "GDViews.VirtualGridView\GDViews.VirtualGridView.csproj", "{B320DC9D-3455-4DEA-A992-F3C0A37EB7F0}"
EndProject
Global
	GlobalSection(SolutionConfigurationPlatforms) = preSolution
		Debug|Any CPU = Debug|Any CPU
		Release|Any CPU = Release|Any CPU
	EndGlobalSection
	GlobalSection(ProjectConfigurationPlatforms) = postSolution
		{B320DC9D-3455-4DEA-A992-F3C0A37EB7F0}.Debug|Any CPU.ActiveCfg = Debug|Any CPU
		{B320DC9D-3455-4DEA-A992-F3C0A37EB7F0}.Debug|Any CPU.Build.0 = Debug|Any CPU
		{B320DC9D-3455-4DEA-A992-F3C0A37EB7F0}.Release|Any CPU.ActiveCfg = Release|Any CPU
		{B320DC9D-3455-4DEA-A992-F3C0A37EB7F0}.Release|Any CPU.Build.0 = Release|Any CPU
	EndGlobalSection
EndGlobal
